
Microsoft Visual Studio Solution File, Format Version 12.00
# Visual Studio Version 16
VisualStudioVersion = 16.0.30711.63
MinimumVisualStudioVersion = 10.0.40219.1
Project("{9A19103F-16F7-4668-BE54-9A1E7A4F7556}") = "ToDoItem2", "ToDoItem2\ToDoItem2.csproj", "{CC7DF434-B0AB-40F5-8F5C-78939AC3743B}"
EndProject
Project("{9A19103F-16F7-4668-BE54-9A1E7A4F7556}") = "TodoItem2.Model", "TodoItem2.Model\TodoItem2.Model.csproj", "{760C3B1D-9D29-4B38-8D85-1C210B961567}"
EndProject
Project("{9A19103F-16F7-4668-BE54-9A1E7A4F7556}") = "TodoItem2.Services", "TodoItem2.Services\TodoItem2.Services.csproj", "{E73DBF22-1FE3-4CF7-A8D3-CE817359E72D}"
EndProject
Project("{9A19103F-16F7-4668-BE54-9A1E7A4F7556}") = "TodoItem2.BL", "TodoItem2.BL\TodoItem2.BL.csproj", "{38C94614-219F-42A3-945D-B4762DD6D999}"
EndProject
Project("{9A19103F-16F7-4668-BE54-9A1E7A4F7556}") = "TodoItem2.Core", "TodoItem2.Core\TodoItem2.Core.csproj", "{67F3A4C9-DA11-4E4D-8190-6CBD34218116}"
EndProject
Project("{FAE04EC0-301F-11D3-BF4B-00C04F79EFBC}") = "TestItem.UnitTest", "TestItem.UnitTest\TestItem.UnitTest.csproj", "{BC147B85-D063-4BAD-8017-DA85459ED525}"
EndProject
Global
	GlobalSection(SolutionConfigurationPlatforms) = preSolution
		Debug|Any CPU = Debug|Any CPU
		Release|Any CPU = Release|Any CPU
	EndGlobalSection
	GlobalSection(ProjectConfigurationPlatforms) = postSolution
		{CC7DF434-B0AB-40F5-8F5C-78939AC3743B}.Debug|Any CPU.ActiveCfg = Debug|Any CPU
		{CC7DF434-B0AB-40F5-8F5C-78939AC3743B}.Debug|Any CPU.Build.0 = Debug|Any CPU
		{CC7DF434-B0AB-40F5-8F5C-78939AC3743B}.Release|Any CPU.ActiveCfg = Release|Any CPU
		{CC7DF434-B0AB-40F5-8F5C-78939AC3743B}.Release|Any CPU.Build.0 = Release|Any CPU
		{760C3B1D-9D29-4B38-8D85-1C210B961567}.Debug|Any CPU.ActiveCfg = Debug|Any CPU
		{760C3B1D-9D29-4B38-8D85-1C210B961567}.Debug|Any CPU.Build.0 = Debug|Any CPU
		{760C3B1D-9D29-4B38-8D85-1C210B961567}.Release|Any CPU.ActiveCfg = Release|Any CPU
		{760C3B1D-9D29-4B38-8D85-1C210B961567}.Release|Any CPU.Build.0 = Release|Any CPU
		{E73DBF22-1FE3-4CF7-A8D3-CE817359E72D}.Debug|Any CPU.ActiveCfg = Debug|Any CPU
		{E73DBF22-1FE3-4CF7-A8D3-CE817359E72D}.Debug|Any CPU.Build.0 = Debug|Any CPU
		{E73DBF22-1FE3-4CF7-A8D3-CE817359E72D}.Release|Any CPU.ActiveCfg = Release|Any CPU
		{E73DBF22-1FE3-4CF7-A8D3-CE817359E72D}.Release|Any CPU.Build.0 = Release|Any CPU
		{38C94614-219F-42A3-945D-B4762DD6D999}.Debug|Any CPU.ActiveCfg = Debug|Any CPU
		{38C94614-219F-42A3-945D-B4762DD6D999}.Debug|Any CPU.Build.0 = Debug|Any CPU
		{38C94614-219F-42A3-945D-B4762DD6D999}.Release|Any CPU.ActiveCfg = Release|Any CPU
		{38C94614-219F-42A3-945D-B4762DD6D999}.Release|Any CPU.Build.0 = Release|Any CPU
		{67F3A4C9-DA11-4E4D-8190-6CBD34218116}.Debug|Any CPU.ActiveCfg = Debug|Any CPU
		{67F3A4C9-DA11-4E4D-8190-6CBD34218116}.Debug|Any CPU.Build.0 = Debug|Any CPU
		{67F3A4C9-DA11-4E4D-8190-6CBD34218116}.Release|Any CPU.ActiveCfg = Release|Any CPU
		{67F3A4C9-DA11-4E4D-8190-6CBD34218116}.Release|Any CPU.Build.0 = Release|Any CPU
		{BC147B85-D063-4BAD-8017-DA85459ED525}.Debug|Any CPU.ActiveCfg = Debug|Any CPU
		{BC147B85-D063-4BAD-8017-DA85459ED525}.Debug|Any CPU.Build.0 = Debug|Any CPU
		{BC147B85-D063-4BAD-8017-DA85459ED525}.Release|Any CPU.ActiveCfg = Release|Any CPU
		{BC147B85-D063-4BAD-8017-DA85459ED525}.Release|Any CPU.Build.0 = Release|Any CPU
	EndGlobalSection
	GlobalSection(SolutionProperties) = preSolution
		HideSolutionNode = FALSE
	EndGlobalSection
	GlobalSection(ExtensibilityGlobals) = postSolution
		SolutionGuid = {386EF3B7-C925-419D-A0CA-10EAE09315C3}
	EndGlobalSection
EndGlobal
